
Microsoft Visual Studio Solution File, Format Version 12.00
# Visual Studio Version 17
VisualStudioVersion = 17.2.32630.192
MinimumVisualStudioVersion = 10.0.40219.1
Project("{9A19103F-16F7-4668-BE54-9A1E7A4F7556}") = "TP2", "TP2.csproj", "{40F56670-7518-49F1-991C-DEFD3C861F15}"
EndProject
Global
	GlobalSection(SolutionConfigurationPlatforms) = preSolution
		Debug|Any CPU = Debug|Any CPU
		Release|Any CPU = Release|Any CPU
	EndGlobalSection
	GlobalSection(ProjectConfigurationPlatforms) = postSolution
		{40F56670-7518-49F1-991C-DEFD3C861F15}.Debug|Any CPU.ActiveCfg = Debug|Any CPU
		{40F56670-7518-49F1-991C-DEFD3C861F15}.Debug|Any CPU.Build.0 = Debug|Any CPU
		{40F56670-7518-49F1-991C-DEFD3C861F15}.Release|Any CPU.ActiveCfg = Release|Any CPU
		{40F56670-7518-49F1-991C-DEFD3C861F15}.Release|Any CPU.Build.0 = Release|Any CPU
	EndGlobalSection
	GlobalSection(SolutionProperties) = preSolution
		HideSolutionNode = FALSE
	EndGlobalSection
	GlobalSection(ExtensibilityGlobals) = postSolution
		SolutionGuid = {CF11B3C7-0857-470A-A070-00CD183A54BE}
	EndGlobalSection
EndGlobal
